
Microsoft Visual Studio Solution File, Format Version 12.00
# Visual Studio Version 17
VisualStudioVersion = 17.9.34714.143
MinimumVisualStudioVersion = 10.0.40219.1
Project("{FAE04EC0-301F-11D3-BF4B-00C04F79EFBC}") = "Enka_IT_Management", "Enka_IT_Management.csproj", "{05764E06-4B9B-47A6-B816-081C97B31294}"
EndProject
Global
	GlobalSection(SolutionConfigurationPlatforms) = preSolution
		Debug|Any CPU = Debug|Any CPU
		Release|Any CPU = Release|Any CPU
	EndGlobalSection
	GlobalSection(ProjectConfigurationPlatforms) = postSolution
		{05764E06-4B9B-47A6-B816-081C97B31294}.Debug|Any CPU.ActiveCfg = Debug|Any CPU
		{05764E06-4B9B-47A6-B816-081C97B31294}.Debug|Any CPU.Build.0 = Debug|Any CPU
		{05764E06-4B9B-47A6-B816-081C97B31294}.Release|Any CPU.ActiveCfg = Release|Any CPU
		{05764E06-4B9B-47A6-B816-081C97B31294}.Release|Any CPU.Build.0 = Release|Any CPU
	EndGlobalSection
	GlobalSection(SolutionProperties) = preSolution
		HideSolutionNode = FALSE
	EndGlobalSection
	GlobalSection(ExtensibilityGlobals) = postSolution
		SolutionGuid = {0A806F69-B620-44B5-B9F8-CD317FFD2407}
	EndGlobalSection
EndGlobal
